
Microsoft Visual Studio Solution File, Format Version 12.00
# Visual Studio Version 16
VisualStudioVersion = 16.0.29609.76
MinimumVisualStudioVersion = 10.0.40219.1
Project("{FAE04EC0-301F-11D3-BF4B-00C04F79EFBC}") = "ExperimentalAnalysis", "ExperimentalAnalysis\ExperimentalAnalysis.csproj", "{B9EB5C8D-D4A0-4712-80A8-AA964233000C}"
EndProject
Global
	GlobalSection(SolutionConfigurationPlatforms) = preSolution
		Debug|Any CPU = Debug|Any CPU
		Release|Any CPU = Release|Any CPU
	EndGlobalSection
	GlobalSection(ProjectConfigurationPlatforms) = postSolution
		{B9EB5C8D-D4A0-4712-80A8-AA964233000C}.Debug|Any CPU.ActiveCfg = Debug|Any CPU
		{B9EB5C8D-D4A0-4712-80A8-AA964233000C}.Debug|Any CPU.Build.0 = Debug|Any CPU
		{B9EB5C8D-D4A0-4712-80A8-AA964233000C}.Release|Any CPU.ActiveCfg = Release|Any CPU
		{B9EB5C8D-D4A0-4712-80A8-AA964233000C}.Release|Any CPU.Build.0 = Release|Any CPU
	EndGlobalSection
	GlobalSection(SolutionProperties) = preSolution
		HideSolutionNode = FALSE
	EndGlobalSection
	GlobalSection(ExtensibilityGlobals) = postSolution
		SolutionGuid = {DCB2A9BF-DE89-4224-963C-A39164A5FAC4}
	EndGlobalSection
EndGlobal
